
Microsoft Visual Studio Solution File, Format Version 12.00
# Visual Studio Version 17
VisualStudioVersion = 17.14.36705.20 d17.14
MinimumVisualStudioVersion = 10.0.40219.1
Project("{FAE04EC0-301F-11D3-BF4B-00C04F79EFBC}") = "Projet_GameOfLife", "Projet_GameOfLife.csproj", "{D168AB3C-44FD-4DCC-8A4D-340C825978F5}"
EndProject
Global
	GlobalSection(SolutionConfigurationPlatforms) = preSolution
		Debug|Any CPU = Debug|Any CPU
		Release|Any CPU = Release|Any CPU
	EndGlobalSection
	GlobalSection(ProjectConfigurationPlatforms) = postSolution
		{D168AB3C-44FD-4DCC-8A4D-340C825978F5}.Debug|Any CPU.ActiveCfg = Debug|Any CPU
		{D168AB3C-44FD-4DCC-8A4D-340C825978F5}.Debug|Any CPU.Build.0 = Debug|Any CPU
		{D168AB3C-44FD-4DCC-8A4D-340C825978F5}.Release|Any CPU.ActiveCfg = Release|Any CPU
		{D168AB3C-44FD-4DCC-8A4D-340C825978F5}.Release|Any CPU.Build.0 = Release|Any CPU
	EndGlobalSection
	GlobalSection(SolutionProperties) = preSolution
		HideSolutionNode = FALSE
	EndGlobalSection
	GlobalSection(ExtensibilityGlobals) = postSolution
		SolutionGuid = {0451E5F3-1E49-4504-B8C4-0774F2F731F8}
	EndGlobalSection
EndGlobal
